
Microsoft Visual Studio Solution File, Format Version 12.00
# Visual Studio Version 17
VisualStudioVersion = 17.7.34221.43
MinimumVisualStudioVersion = 10.0.40219.1
Project("{2150E333-8FDC-42A3-9474-1A3956D46DE8}") = "Services", "Services", "{A341FEC6-63C7-4E9A-88C3-760EEB2AFA9D}"
EndProject
Project("{FAE04EC0-301F-11D3-BF4B-00C04F79EFBC}") = "FoodApp.Services.CouponAPI", "FoodApp.Services.CouponAPI\FoodApp.Services.CouponAPI.csproj", "{901D590A-9209-4DE2-A975-2B36B5EF2E50}"
EndProject
Global
	GlobalSection(SolutionConfigurationPlatforms) = preSolution
		Debug|Any CPU = Debug|Any CPU
		Release|Any CPU = Release|Any CPU
	EndGlobalSection
	GlobalSection(ProjectConfigurationPlatforms) = postSolution
		{901D590A-9209-4DE2-A975-2B36B5EF2E50}.Debug|Any CPU.ActiveCfg = Debug|Any CPU
		{901D590A-9209-4DE2-A975-2B36B5EF2E50}.Debug|Any CPU.Build.0 = Debug|Any CPU
		{901D590A-9209-4DE2-A975-2B36B5EF2E50}.Release|Any CPU.ActiveCfg = Release|Any CPU
		{901D590A-9209-4DE2-A975-2B36B5EF2E50}.Release|Any CPU.Build.0 = Release|Any CPU
	EndGlobalSection
	GlobalSection(SolutionProperties) = preSolution
		HideSolutionNode = FALSE
	EndGlobalSection
	GlobalSection(NestedProjects) = preSolution
		{901D590A-9209-4DE2-A975-2B36B5EF2E50} = {A341FEC6-63C7-4E9A-88C3-760EEB2AFA9D}
	EndGlobalSection
	GlobalSection(ExtensibilityGlobals) = postSolution
		SolutionGuid = {C6B1B5F3-12A9-4AD7-873C-C5F0A26E3898}
	EndGlobalSection
EndGlobal
